
Microsoft Visual Studio Solution File, Format Version 12.00
# Visual Studio Version 17
VisualStudioVersion = 17.11.35312.102
MinimumVisualStudioVersion = 10.0.40219.1
Project("{9A19103F-16F7-4668-BE54-9A1E7A4F7556}") = "EquipmentAPI", "EquipmentAPI.csproj", "{0BD4B4D6-633B-434F-85DD-5C9701534F18}"
EndProject
Project("{FAE04EC0-301F-11D3-BF4B-00C04F79EFBC}") = "EquipmentAPI.Tests", "..\EquipmentAPI.Tests\EquipmentAPI.Tests.csproj", "{7E35C693-F723-4F56-95A8-E5D34C9A983C}"
EndProject
Global
	GlobalSection(SolutionConfigurationPlatforms) = preSolution
		Debug|Any CPU = Debug|Any CPU
		Release|Any CPU = Release|Any CPU
	EndGlobalSection
	GlobalSection(ProjectConfigurationPlatforms) = postSolution
		{0BD4B4D6-633B-434F-85DD-5C9701534F18}.Debug|Any CPU.ActiveCfg = Debug|Any CPU
		{0BD4B4D6-633B-434F-85DD-5C9701534F18}.Debug|Any CPU.Build.0 = Debug|Any CPU
		{0BD4B4D6-633B-434F-85DD-5C9701534F18}.Release|Any CPU.ActiveCfg = Release|Any CPU
		{0BD4B4D6-633B-434F-85DD-5C9701534F18}.Release|Any CPU.Build.0 = Release|Any CPU
		{7E35C693-F723-4F56-95A8-E5D34C9A983C}.Debug|Any CPU.ActiveCfg = Debug|Any CPU
		{7E35C693-F723-4F56-95A8-E5D34C9A983C}.Debug|Any CPU.Build.0 = Debug|Any CPU
		{7E35C693-F723-4F56-95A8-E5D34C9A983C}.Release|Any CPU.ActiveCfg = Release|Any CPU
		{7E35C693-F723-4F56-95A8-E5D34C9A983C}.Release|Any CPU.Build.0 = Release|Any CPU
	EndGlobalSection
	GlobalSection(SolutionProperties) = preSolution
		HideSolutionNode = FALSE
	EndGlobalSection
	GlobalSection(ExtensibilityGlobals) = postSolution
		SolutionGuid = {F641F8DC-ACB9-4F2B-B3B4-9A05BEF55B29}
	EndGlobalSection
EndGlobal
